// !$*UTF8*$!
{
	archiveVersion = 1;
	classes = {
	};
	objectVersion = 77;
	objects = {

/* Begin PBXBuildFile section */
		08759288B4D4889952AC9D75 /* AlertManager.swift in Sources */ = {isa = PBXBuildFile; fileRef = 521F70AC3D87E43C3AA30738 /* AlertManager.swift */; };
		23387B19AA90F89EA254F66E /* ClaudeCodeConnection.swift in Sources */ = {isa = PBXBuildFile; fileRef = 7D6F2D0F6CA81156AC3B373F /* ClaudeCodeConnection.swift */; };
		2BD6FCA92EF87DBFB482C4AD /* StatusLineCommand.swift in Sources */ = {isa = PBXBuildFile; fileRef = E5E6B2F8A04C31E1C01B26A3 /* StatusLineCommand.swift */; };
		5B464FA8E2D0DADB60101DB7 /* UsageStore.swift in Sources */ = {isa = PBXBuildFile; fileRef = A2DB5F229AF7D225C4CD6830 /* UsageStore.swift */; };
		698869BC1EEB1C9BD8376042 /* ClaudeMonitorApp.swift in Sources */ = {isa = PBXBuildFile; fileRef = CFD771054321E8B09E54DD14 /* ClaudeMonitorApp.swift */; };
		8395CD9C9E73892DE1DDAE46 /* Models.swift in Sources */ = {isa = PBXBuildFile; fileRef = 2D4DB9569B2F924E26447506 /* Models.swift */; };
		9628607DEF8696A924B366F5 /* FileWatcher.swift in Sources */ = {isa = PBXBuildFile; fileRef = CDF7C0B03ADDCD73DEA1C920 /* FileWatcher.swift */; };
		9C584133A7405DEB59F21BD0 /* LoginItemController.swift in Sources */ = {isa = PBXBuildFile; fileRef = 8CC180F814E3EA94314DF551 /* LoginItemController.swift */; };
		B3272D6F85F50E31AFBC3081 /* UsagePopoverView.swift in Sources */ = {isa = PBXBuildFile; fileRef = ED8E36AEBA8DC3248B9D987A /* UsagePopoverView.swift */; };
		D930D672897BFDF5482ECE1C /* SettingsEditor.swift in Sources */ = {isa = PBXBuildFile; fileRef = 461DC48E09E3830DCF504A86 /* SettingsEditor.swift */; };
		ECE52C18FAFA159E142C26CB /* AppDelegate.swift in Sources */ = {isa = PBXBuildFile; fileRef = 31AB45E76718BB9F485B2725 /* AppDelegate.swift */; };
		EFFFBB21FF6669EF1268D42A /* Assets.xcassets in Resources */ = {isa = PBXBuildFile; fileRef = 6DDEDF3373B77CD0576CFAF7 /* Assets.xcassets */; };
/* End PBXBuildFile section */

/* Begin PBXFileReference section */
		2D4DB9569B2F924E26447506 /* Models.swift */ = {isa = PBXFileReference; lastKnownFileType = sourcecode.swift; path = Models.swift; sourceTree = "<group>"; };
		31AB45E76718BB9F485B2725 /* AppDelegate.swift */ = {isa = PBXFileReference; lastKnownFileType = sourcecode.swift; path = AppDelegate.swift; sourceTree = "<group>"; };
		461DC48E09E3830DCF504A86 /* SettingsEditor.swift */ = {isa = PBXFileReference; lastKnownFileType = sourcecode.swift; path = SettingsEditor.swift; sourceTree = "<group>"; };
		521F70AC3D87E43C3AA30738 /* AlertManager.swift */ = {isa = PBXFileReference; lastKnownFileType = sourcecode.swift; path = AlertManager.swift; sourceTree = "<group>"; };
		6DDEDF3373B77CD0576CFAF7 /* Assets.xcassets */ = {isa = PBXFileReference; lastKnownFileType = folder.assetcatalog; path = Assets.xcassets; sourceTree = "<group>"; };
		7D6F2D0F6CA81156AC3B373F /* ClaudeCodeConnection.swift */ = {isa = PBXFileReference; lastKnownFileType = sourcecode.swift; path = ClaudeCodeConnection.swift; sourceTree = "<group>"; };
		8CC180F814E3EA94314DF551 /* LoginItemController.swift */ = {isa = PBXFileReference; lastKnownFileType = sourcecode.swift; path = LoginItemController.swift; sourceTree = "<group>"; };
		9924D1F6FBFD4F220629C2E2 /* ClaudeMonitor.app */ = {isa = PBXFileReference; explicitFileType = wrapper.application; includeInIndex = 0; path = ClaudeMonitor.app; sourceTree = BUILT_PRODUCTS_DIR; };
		A2DB5F229AF7D225C4CD6830 /* UsageStore.swift */ = {isa = PBXFileReference; lastKnownFileType = sourcecode.swift; path = UsageStore.swift; sourceTree = "<group>"; };
		CDF7C0B03ADDCD73DEA1C920 /* FileWatcher.swift */ = {isa = PBXFileReference; lastKnownFileType = sourcecode.swift; path = FileWatcher.swift; sourceTree = "<group>"; };
		CFD771054321E8B09E54DD14 /* ClaudeMonitorApp.swift */ = {isa = PBXFileReference; lastKnownFileType = sourcecode.swift; path = ClaudeMonitorApp.swift; sourceTree = "<group>"; };
		E5E6B2F8A04C31E1C01B26A3 /* StatusLineCommand.swift */ = {isa = PBXFileReference; lastKnownFileType = sourcecode.swift; path = StatusLineCommand.swift; sourceTree = "<group>"; };
		ED8E36AEBA8DC3248B9D987A /* UsagePopoverView.swift */ = {isa = PBXFileReference; lastKnownFileType = sourcecode.swift; path = UsagePopoverView.swift; sourceTree = "<group>"; };
/* End PBXFileReference section */

/* Begin PBXGroup section */
		07E8AC954CB3FA5879910A53 = {
			isa = PBXGroup;
			children = (
				C61DB920C5AD16AEBEF6ACA7 /* Resources */,
				361D780A341915F0DA0EA365 /* Sources */,
				652D67D252F283B04AFEF569 /* Products */,
			);
			sourceTree = "<group>";
		};
		361D780A341915F0DA0EA365 /* Sources */ = {
			isa = PBXGroup;
			children = (
				F78DF69F6937C96F14C3A78B /* ClaudeMonitor */,
			);
			path = Sources;
			sourceTree = "<group>";
		};
		652D67D252F283B04AFEF569 /* Products */ = {
			isa = PBXGroup;
			children = (
				9924D1F6FBFD4F220629C2E2 /* ClaudeMonitor.app */,
			);
			name = Products;
			sourceTree = "<group>";
		};
		C61DB920C5AD16AEBEF6ACA7 /* Resources */ = {
			isa = PBXGroup;
			children = (
				6DDEDF3373B77CD0576CFAF7 /* Assets.xcassets */,
			);
			path = Resources;
			sourceTree = "<group>";
		};
		F78DF69F6937C96F14C3A78B /* ClaudeMonitor */ = {
			isa = PBXGroup;
			children = (
				521F70AC3D87E43C3AA30738 /* AlertManager.swift */,
				31AB45E76718BB9F485B2725 /* AppDelegate.swift */,
				7D6F2D0F6CA81156AC3B373F /* ClaudeCodeConnection.swift */,
				CFD771054321E8B09E54DD14 /* ClaudeMonitorApp.swift */,
				CDF7C0B03ADDCD73DEA1C920 /* FileWatcher.swift */,
				8CC180F814E3EA94314DF551 /* LoginItemController.swift */,
				2D4DB9569B2F924E26447506 /* Models.swift */,
				461DC48E09E3830DCF504A86 /* SettingsEditor.swift */,
				E5E6B2F8A04C31E1C01B26A3 /* StatusLineCommand.swift */,
				ED8E36AEBA8DC3248B9D987A /* UsagePopoverView.swift */,
				A2DB5F229AF7D225C4CD6830 /* UsageStore.swift */,
			);
			path = ClaudeMonitor;
			sourceTree = "<group>";
		};
/* End PBXGroup section */

/* Begin PBXNativeTarget section */
		1BA94E0C01D277A3D97D540D /* ClaudeMonitor */ = {
			isa = PBXNativeTarget;
			buildConfigurationList = 458C8ECDDDF94448F9073656 /* Build configuration list for PBXNativeTarget "ClaudeMonitor" */;
			buildPhases = (
				E78E550434E6FDA8035F8938 /* Sources */,
				CB9A5FC51EE298759396362B /* Resources */,
			);
			buildRules = (
			);
			dependencies = (
			);
			name = ClaudeMonitor;
			packageProductDependencies = (
			);
			productName = ClaudeMonitor;
			productReference = 9924D1F6FBFD4F220629C2E2 /* ClaudeMonitor.app */;
			productType = "com.apple.product-type.application";
		};
/* End PBXNativeTarget section */

/* Begin PBXProject section */
		0A1C0F0A567689AF0C10104F /* Project object */ = {
			isa = PBXProject;
			attributes = {
				BuildIndependentTargetsInParallel = YES;
				LastUpgradeCheck = 1500;
				TargetAttributes = {
					1BA94E0C01D277A3D97D540D = {
						ProvisioningStyle = Manual;
					};
				};
			};
			buildConfigurationList = B0EBEFBDBC2E41CED86FDF2F /* Build configuration list for PBXProject "ClaudeMonitor" */;
			developmentRegion = en;
			hasScannedForEncodings = 0;
			knownRegions = (
				Base,
				en,
			);
			mainGroup = 07E8AC954CB3FA5879910A53;
			minimizedProjectReferenceProxies = 1;
			preferredProjectObjectVersion = 77;
			productRefGroup = 652D67D252F283B04AFEF569 /* Products */;
			projectDirPath = "";
			projectRoot = "";
			targets = (
				1BA94E0C01D277A3D97D540D /* ClaudeMonitor */,
			);
		};
/* End PBXProject section */

/* Begin PBXResourcesBuildPhase section */
		CB9A5FC51EE298759396362B /* Resources */ = {
			isa = PBXResourcesBuildPhase;
			buildActionMask = 2147483647;
			files = (
				EFFFBB21FF6669EF1268D42A /* Assets.xcassets in Resources */,
			);
			runOnlyForDeploymentPostprocessing = 0;
		};
/* End PBXResourcesBuildPhase section */

/* Begin PBXSourcesBuildPhase section */
		E78E550434E6FDA8035F8938 /* Sources */ = {
			isa = PBXSourcesBuildPhase;
			buildActionMask = 2147483647;
			files = (
				08759288B4D4889952AC9D75 /* AlertManager.swift in Sources */,
				ECE52C18FAFA159E142C26CB /* AppDelegate.swift in Sources */,
				23387B19AA90F89EA254F66E /* ClaudeCodeConnection.swift in Sources */,
				698869BC1EEB1C9BD8376042 /* ClaudeMonitorApp.swift in Sources */,
				9628607DEF8696A924B366F5 /* FileWatcher.swift in Sources */,
				9C584133A7405DEB59F21BD0 /* LoginItemController.swift in Sources */,
				8395CD9C9E73892DE1DDAE46 /* Models.swift in Sources */,
				D930D672897BFDF5482ECE1C /* SettingsEditor.swift in Sources */,
				2BD6FCA92EF87DBFB482C4AD /* StatusLineCommand.swift in Sources */,
				B3272D6F85F50E31AFBC3081 /* UsagePopoverView.swift in Sources */,
				5B464FA8E2D0DADB60101DB7 /* UsageStore.swift in Sources */,
			);
			runOnlyForDeploymentPostprocessing = 0;
		};
/* End PBXSourcesBuildPhase section */

/* Begin XCBuildConfiguration section */
		3EF77ACB0B5E5F63E0DAFA8B /* Release */ = {
			isa = XCBuildConfiguration;
			buildSettings = {
				ALWAYS_SEARCH_USER_PATHS = NO;
				CLANG_ANALYZER_NONNULL = YES;
				CLANG_ANALYZER_NUMBER_OBJECT_CONVERSION = YES_AGGRESSIVE;
				CLANG_CXX_LANGUAGE_STANDARD = "gnu++14";
				CLANG_CXX_LIBRARY = "libc++";
				CLANG_ENABLE_MODULES = YES;
				CLANG_ENABLE_OBJC_ARC = YES;
				CLANG_ENABLE_OBJC_WEAK = YES;
				CLANG_WARN_BLOCK_CAPTURE_AUTORELEASING = YES;
				CLANG_WARN_BOOL_CONVERSION = YES;
				CLANG_WARN_COMMA = YES;
				CLANG_WARN_CONSTANT_CONVERSION = YES;
				CLANG_WARN_DEPRECATED_OBJC_IMPLEMENTATIONS = YES;
				CLANG_WARN_DIRECT_OBJC_ISA_USAGE = YES_ERROR;
				CLANG_WARN_DOCUMENTATION_COMMENTS = YES;
				CLANG_WARN_EMPTY_BODY = YES;
				CLANG_WARN_ENUM_CONVERSION = YES;
				CLANG_WARN_INFINITE_RECURSION = YES;
				CLANG_WARN_INT_CONVERSION = YES;
				CLANG_WARN_NON_LITERAL_NULL_CONVERSION = YES;
				CLANG_WARN_OBJC_IMPLICIT_RETAIN_SELF = YES;
				CLANG_WARN_OBJC_LITERAL_CONVERSION = YES;
				CLANG_WARN_OBJC_ROOT_CLASS = YES_ERROR;
				CLANG_WARN_QUOTED_INCLUDE_IN_FRAMEWORK_HEADER = YES;
				CLANG_WARN_RANGE_LOOP_ANALYSIS = YES;
				CLANG_WARN_STRICT_PROTOTYPES = YES;
				CLANG_WARN_SUSPICIOUS_MOVE = YES;
				CLANG_WARN_UNGUARDED_AVAILABILITY = YES_AGGRESSIVE;
				CLANG_WARN_UNREACHABLE_CODE = YES;
				CLANG_WARN__DUPLICATE_METHOD_MATCH = YES;
				CODE_SIGN_IDENTITY = "-";
				CODE_SIGN_STYLE = Manual;
				COPY_PHASE_STRIP = NO;
				DEBUG_INFORMATION_FORMAT = "dwarf-with-dsym";
				ENABLE_NS_ASSERTIONS = NO;
				ENABLE_STRICT_OBJC_MSGSEND = YES;
				GCC_C_LANGUAGE_STANDARD = gnu11;
				GCC_NO_COMMON_BLOCKS = YES;
				GCC_WARN_64_TO_32_BIT_CONVERSION = YES;
				GCC_WARN_ABOUT_RETURN_TYPE = YES_ERROR;
				GCC_WARN_UNDECLARED_SELECTOR = YES;
				GCC_WARN_UNINITIALIZED_AUTOS = YES_AGGRESSIVE;
				GCC_WARN_UNUSED_FUNCTION = YES;
				GCC_WARN_UNUSED_VARIABLE = YES;
				INFOPLIST_FILE = Resources/Info.plist;
				MACOSX_DEPLOYMENT_TARGET = 14.0;
				MTL_ENABLE_DEBUG_INFO = NO;
				MTL_FAST_MATH = YES;
				PRODUCT_BUNDLE_IDENTIFIER = com.creativepulsenow.claudemonitor;
				PRODUCT_NAME = ClaudeMonitor;
				SDKROOT = macosx;
				SWIFT_COMPILATION_MODE = wholemodule;
				SWIFT_OPTIMIZATION_LEVEL = "-O";
				SWIFT_VERSION = 5.9;
			};
			name = Release;
		};
		A6D424770AF4D1C3075DBB29 /* Debug */ = {
			isa = XCBuildConfiguration;
			buildSettings = {
				ASSETCATALOG_COMPILER_APPICON_NAME = AppIcon;
				CODE_SIGN_IDENTITY = "-";
				CODE_SIGN_INJECT_BASE_ENTITLEMENTS = NO;
				CODE_SIGN_STYLE = Manual;
				COMBINE_HIDPI_IMAGES = YES;
				ENABLE_APP_SANDBOX = NO;
				ENABLE_HARDENED_RUNTIME = YES;
				INFOPLIST_FILE = Resources/Info.plist;
				LD_RUNPATH_SEARCH_PATHS = (
					"@executable_path/../Frameworks",
				);
				SDKROOT = macosx;
			};
			name = Debug;
		};
		D5613C6B2EC06E17DD97CA5D /* Debug */ = {
			isa = XCBuildConfiguration;
			buildSettings = {
				ALWAYS_SEARCH_USER_PATHS = NO;
				CLANG_ANALYZER_NONNULL = YES;
				CLANG_ANALYZER_NUMBER_OBJECT_CONVERSION = YES_AGGRESSIVE;
				CLANG_CXX_LANGUAGE_STANDARD = "gnu++14";
				CLANG_CXX_LIBRARY = "libc++";
				CLANG_ENABLE_MODULES = YES;
				CLANG_ENABLE_OBJC_ARC = YES;
				CLANG_ENABLE_OBJC_WEAK = YES;
				CLANG_WARN_BLOCK_CAPTURE_AUTORELEASING = YES;
				CLANG_WARN_BOOL_CONVERSION = YES;
				CLANG_WARN_COMMA = YES;
				CLANG_WARN_CONSTANT_CONVERSION = YES;
				CLANG_WARN_DEPRECATED_OBJC_IMPLEMENTATIONS = YES;
				CLANG_WARN_DIRECT_OBJC_ISA_USAGE = YES_ERROR;
				CLANG_WARN_DOCUMENTATION_COMMENTS = YES;
				CLANG_WARN_EMPTY_BODY = YES;
				CLANG_WARN_ENUM_CONVERSION = YES;
				CLANG_WARN_INFINITE_RECURSION = YES;
				CLANG_WARN_INT_CONVERSION = YES;
				CLANG_WARN_NON_LITERAL_NULL_CONVERSION = YES;
				CLANG_WARN_OBJC_IMPLICIT_RETAIN_SELF = YES;
				CLANG_WARN_OBJC_LITERAL_CONVERSION = YES;
				CLANG_WARN_OBJC_ROOT_CLASS = YES_ERROR;
				CLANG_WARN_QUOTED_INCLUDE_IN_FRAMEWORK_HEADER = YES;
				CLANG_WARN_RANGE_LOOP_ANALYSIS = YES;
				CLANG_WARN_STRICT_PROTOTYPES = YES;
				CLANG_WARN_SUSPICIOUS_MOVE = YES;
				CLANG_WARN_UNGUARDED_AVAILABILITY = YES_AGGRESSIVE;
				CLANG_WARN_UNREACHABLE_CODE = YES;
				CLANG_WARN__DUPLICATE_METHOD_MATCH = YES;
				CODE_SIGN_IDENTITY = "-";
				CODE_SIGN_STYLE = Manual;
				COPY_PHASE_STRIP = NO;
				DEBUG_INFORMATION_FORMAT = dwarf;
				ENABLE_STRICT_OBJC_MSGSEND = YES;
				ENABLE_TESTABILITY = YES;
				GCC_C_LANGUAGE_STANDARD = gnu11;
				GCC_DYNAMIC_NO_PIC = NO;
				GCC_NO_COMMON_BLOCKS = YES;
				GCC_OPTIMIZATION_LEVEL = 0;
				GCC_PREPROCESSOR_DEFINITIONS = (
					"$(inherited)",
					"DEBUG=1",
				);
				GCC_WARN_64_TO_32_BIT_CONVERSION = YES;
				GCC_WARN_ABOUT_RETURN_TYPE = YES_ERROR;
				GCC_WARN_UNDECLARED_SELECTOR = YES;
				GCC_WARN_UNINITIALIZED_AUTOS = YES_AGGRESSIVE;
				GCC_WARN_UNUSED_FUNCTION = YES;
				GCC_WARN_UNUSED_VARIABLE = YES;
				INFOPLIST_FILE = Resources/Info.plist;
				MACOSX_DEPLOYMENT_TARGET = 14.0;
				MTL_ENABLE_DEBUG_INFO = INCLUDE_SOURCE;
				MTL_FAST_MATH = YES;
				ONLY_ACTIVE_ARCH = YES;
				PRODUCT_BUNDLE_IDENTIFIER = com.creativepulsenow.claudemonitor;
				PRODUCT_NAME = ClaudeMonitor;
				SDKROOT = macosx;
				SWIFT_ACTIVE_COMPILATION_CONDITIONS = DEBUG;
				SWIFT_OPTIMIZATION_LEVEL = "-Onone";
				SWIFT_VERSION = 5.9;
			};
			name = Debug;
		};
		EC9361A84503F5A6B508FC8B /* Release */ = {
			isa = XCBuildConfiguration;
			buildSettings = {
				ASSETCATALOG_COMPILER_APPICON_NAME = AppIcon;
				CODE_SIGN_IDENTITY = "-";
				CODE_SIGN_INJECT_BASE_ENTITLEMENTS = NO;
				CODE_SIGN_STYLE = Manual;
				COMBINE_HIDPI_IMAGES = YES;
				ENABLE_APP_SANDBOX = NO;
				ENABLE_HARDENED_RUNTIME = YES;
				INFOPLIST_FILE = Resources/Info.plist;
				LD_RUNPATH_SEARCH_PATHS = (
					"@executable_path/../Frameworks",
				);
				SDKROOT = macosx;
			};
			name = Release;
		};
/* End XCBuildConfiguration section */

/* Begin XCConfigurationList section */
		458C8ECDDDF94448F9073656 /* Build configuration list for PBXNativeTarget "ClaudeMonitor" */ = {
			isa = XCConfigurationList;
			buildConfigurations = (
				A6D424770AF4D1C3075DBB29 /* Debug */,
				EC9361A84503F5A6B508FC8B /* Release */,
			);
			defaultConfigurationIsVisible = 0;
			defaultConfigurationName = Debug;
		};
		B0EBEFBDBC2E41CED86FDF2F /* Build configuration list for PBXProject "ClaudeMonitor" */ = {
			isa = XCConfigurationList;
			buildConfigurations = (
				D5613C6B2EC06E17DD97CA5D /* Debug */,
				3EF77ACB0B5E5F63E0DAFA8B /* Release */,
			);
			defaultConfigurationIsVisible = 0;
			defaultConfigurationName = Debug;
		};
/* End XCConfigurationList section */
	};
	rootObject = 0A1C0F0A567689AF0C10104F /* Project object */;
}
